// !$*UTF8*$!
{
	archiveVersion = 1;
	classes = {
	};
	objectVersion = 55;
	objects = {

/* Begin PBXBuildFile section */
		D14D05E627D42AAE006A9D2D /* quotesApp.swift in Sources */ = {isa = PBXBuildFile; fileRef = D14D05E527D42AAE006A9D2D /* quotesApp.swift */; };
		D14D05E827D42AAE006A9D2D /* QuoteView.swift in Sources */ = {isa = PBXBuildFile; fileRef = D14D05E727D42AAE006A9D2D /* QuoteView.swift */; };
		D14D05EA27D42AB1006A9D2D /* Assets.xcassets in Resources */ = {isa = PBXBuildFile; fileRef = D14D05E927D42AB1006A9D2D /* Assets.xcassets */; };
		D14D05ED27D42AB1006A9D2D /* Preview Assets.xcassets in Resources */ = {isa = PBXBuildFile; fileRef = D14D05EC27D42AB1006A9D2D /* Preview Assets.xcassets */; };
		D14D05F927D42EB1006A9D2D /* quotes.json in Resources */ = {isa = PBXBuildFile; fileRef = D14D05F827D42EB1006A9D2D /* quotes.json */; };
		D14D05FB27D43B46006A9D2D /* Quote.swift in Sources */ = {isa = PBXBuildFile; fileRef = D14D05FA27D43B46006A9D2D /* Quote.swift */; };
		D14D05FD27D43C63006A9D2D /* QuoteModel.swift in Sources */ = {isa = PBXBuildFile; fileRef = D14D05FC27D43C63006A9D2D /* QuoteModel.swift */; };
		D14D05FF27D43C71006A9D2D /* DataService.swift in Sources */ = {isa = PBXBuildFile; fileRef = D14D05FE27D43C71006A9D2D /* DataService.swift */; };
		D14D060127D45B20006A9D2D /* QuoteDetailView.swift in Sources */ = {isa = PBXBuildFile; fileRef = D14D060027D45B20006A9D2D /* QuoteDetailView.swift */; };
		D14D060327D4617D006A9D2D /* QuoteMainView.swift in Sources */ = {isa = PBXBuildFile; fileRef = D14D060227D4617D006A9D2D /* QuoteMainView.swift */; };
/* End PBXBuildFile section */

/* Begin PBXFileReference section */
		D14D05E227D42AAE006A9D2D /* quotes.app */ = {isa = PBXFileReference; explicitFileType = wrapper.application; includeInIndex = 0; path = quotes.app; sourceTree = BUILT_PRODUCTS_DIR; };
		D14D05E527D42AAE006A9D2D /* quotesApp.swift */ = {isa = PBXFileReference; lastKnownFileType = sourcecode.swift; path = quotesApp.swift; sourceTree = "<group>"; };
		D14D05E727D42AAE006A9D2D /* QuoteView.swift */ = {isa = PBXFileReference; lastKnownFileType = sourcecode.swift; path = QuoteView.swift; sourceTree = "<group>"; };
		D14D05E927D42AB1006A9D2D /* Assets.xcassets */ = {isa = PBXFileReference; lastKnownFileType = folder.assetcatalog; path = Assets.xcassets; sourceTree = "<group>"; };
		D14D05EC27D42AB1006A9D2D /* Preview Assets.xcassets */ = {isa = PBXFileReference; lastKnownFileType = folder.assetcatalog; path = "Preview Assets.xcassets"; sourceTree = "<group>"; };
		D14D05F827D42EB1006A9D2D /* quotes.json */ = {isa = PBXFileReference; lastKnownFileType = text.json; path = quotes.json; sourceTree = "<group>"; };
		D14D05FA27D43B46006A9D2D /* Quote.swift */ = {isa = PBXFileReference; lastKnownFileType = sourcecode.swift; path = Quote.swift; sourceTree = "<group>"; };
		D14D05FC27D43C63006A9D2D /* QuoteModel.swift */ = {isa = PBXFileReference; lastKnownFileType = sourcecode.swift; path = QuoteModel.swift; sourceTree = "<group>"; };
		D14D05FE27D43C71006A9D2D /* DataService.swift */ = {isa = PBXFileReference; lastKnownFileType = sourcecode.swift; path = DataService.swift; sourceTree = "<group>"; };
		D14D060027D45B20006A9D2D /* QuoteDetailView.swift */ = {isa = PBXFileReference; lastKnownFileType = sourcecode.swift; path = QuoteDetailView.swift; sourceTree = "<group>"; };
		D14D060227D4617D006A9D2D /* QuoteMainView.swift */ = {isa = PBXFileReference; lastKnownFileType = sourcecode.swift; path = QuoteMainView.swift; sourceTree = "<group>"; };
/* End PBXFileReference section */

/* Begin PBXFrameworksBuildPhase section */
		D14D05DF27D42AAE006A9D2D /* Frameworks */ = {
			isa = PBXFrameworksBuildPhase;
			buildActionMask = 2147483647;
			files = (
			);
			runOnlyForDeploymentPostprocessing = 0;
		};
/* End PBXFrameworksBuildPhase section */

/* Begin PBXGroup section */
		D14D05D927D42AAE006A9D2D = {
			isa = PBXGroup;
			children = (
				D14D05E427D42AAE006A9D2D /* quotes */,
				D14D05E327D42AAE006A9D2D /* Products */,
			);
			sourceTree = "<group>";
		};
		D14D05E327D42AAE006A9D2D /* Products */ = {
			isa = PBXGroup;
			children = (
				D14D05E227D42AAE006A9D2D /* quotes.app */,
			);
			name = Products;
			sourceTree = "<group>";
		};
		D14D05E427D42AAE006A9D2D /* quotes */ = {
			isa = PBXGroup;
			children = (
				D14D05E527D42AAE006A9D2D /* quotesApp.swift */,
				D14D05F727D42BAC006A9D2D /* Data */,
				D14D05F327D42B63006A9D2D /* Models */,
				D14D05F427D42B6E006A9D2D /* View */,
				D14D05F527D42B78006A9D2D /* ViewModel */,
				D14D05F627D42B9D006A9D2D /* Services */,
				D14D05E927D42AB1006A9D2D /* Assets.xcassets */,
				D14D05EB27D42AB1006A9D2D /* Preview Content */,
			);
			path = quotes;
			sourceTree = "<group>";
		};
		D14D05EB27D42AB1006A9D2D /* Preview Content */ = {
			isa = PBXGroup;
			children = (
				D14D05EC27D42AB1006A9D2D /* Preview Assets.xcassets */,
			);
			path = "Preview Content";
			sourceTree = "<group>";
		};
		D14D05F327D42B63006A9D2D /* Models */ = {
			isa = PBXGroup;
			children = (
				D14D05FA27D43B46006A9D2D /* Quote.swift */,
			);
			path = Models;
			sourceTree = "<group>";
		};
		D14D05F427D42B6E006A9D2D /* View */ = {
			isa = PBXGroup;
			children = (
				D14D05E727D42AAE006A9D2D /* QuoteView.swift */,
				D14D060027D45B20006A9D2D /* QuoteDetailView.swift */,
				D14D060227D4617D006A9D2D /* QuoteMainView.swift */,
			);
			path = View;
			sourceTree = "<group>";
		};
		D14D05F527D42B78006A9D2D /* ViewModel */ = {
			isa = PBXGroup;
			children = (
				D14D05FC27D43C63006A9D2D /* QuoteModel.swift */,
			);
			path = ViewModel;
			sourceTree = "<group>";
		};
		D14D05F627D42B9D006A9D2D /* Services */ = {
			isa = PBXGroup;
			children = (
				D14D05FE27D43C71006A9D2D /* DataService.swift */,
			);
			path = Services;
			sourceTree = "<group>";
		};
		D14D05F727D42BAC006A9D2D /* Data */ = {
			isa = PBXGroup;
			children = (
				D14D05F827D42EB1006A9D2D /* quotes.json */,
			);
			path = Data;
			sourceTree = "<group>";
		};
/* End PBXGroup section */

/* Begin PBXNativeTarget section */
		D14D05E127D42AAE006A9D2D /* quotes */ = {
			isa = PBXNativeTarget;
			buildConfigurationList = D14D05F027D42AB1006A9D2D /* Build configuration list for PBXNativeTarget "quotes" */;
			buildPhases = (
				D14D05DE27D42AAE006A9D2D /* Sources */,
				D14D05DF27D42AAE006A9D2D /* Frameworks */,
				D14D05E027D42AAE006A9D2D /* Resources */,
			);
			buildRules = (
			);
			dependencies = (
			);
			name = quotes;
			productName = quotes;
			productReference = D14D05E227D42AAE006A9D2D /* quotes.app */;
			productType = "com.apple.product-type.application";
		};
/* End PBXNativeTarget section */

/* Begin PBXProject section */
		D14D05DA27D42AAE006A9D2D /* Project object */ = {
			isa = PBXProject;
			attributes = {
				BuildIndependentTargetsInParallel = 1;
				LastSwiftUpdateCheck = 1320;
				LastUpgradeCheck = 1320;
				TargetAttributes = {
					D14D05E127D42AAE006A9D2D = {
						CreatedOnToolsVersion = 13.2;
					};
				};
			};
			buildConfigurationList = D14D05DD27D42AAE006A9D2D /* Build configuration list for PBXProject "quotes" */;
			compatibilityVersion = "Xcode 13.0";
			developmentRegion = en;
			hasScannedForEncodings = 0;
			knownRegions = (
				en,
				Base,
			);
			mainGroup = D14D05D927D42AAE006A9D2D;
			productRefGroup = D14D05E327D42AAE006A9D2D /* Products */;
			projectDirPath = "";
			projectRoot = "";
			targets = (
				D14D05E127D42AAE006A9D2D /* quotes */,
			);
		};
/* End PBXProject section */

/* Begin PBXResourcesBuildPhase section */
		D14D05E027D42AAE006A9D2D /* Resources */ = {
			isa = PBXResourcesBuildPhase;
			buildActionMask = 2147483647;
			files = (
				D14D05ED27D42AB1006A9D2D /* Preview Assets.xcassets in Resources */,
				D14D05EA27D42AB1006A9D2D /* Assets.xcassets in Resources */,
				D14D05F927D42EB1006A9D2D /* quotes.json in Resources */,
			);
			runOnlyForDeploymentPostprocessing = 0;
		};
/* End PBXResourcesBuildPhase section */

/* Begin PBXSourcesBuildPhase section */
		D14D05DE27D42AAE006A9D2D /* Sources */ = {
			isa = PBXSourcesBuildPhase;
			buildActionMask = 2147483647;
			files = (
				D14D060327D4617D006A9D2D /* QuoteMainView.swift in Sources */,
				D14D060127D45B20006A9D2D /* QuoteDetailView.swift in Sources */,
				D14D05E827D42AAE006A9D2D /* QuoteView.swift in Sources */,
				D14D05FB27D43B46006A9D2D /* Quote.swift in Sources */,
				D14D05FD27D43C63006A9D2D /* QuoteModel.swift in Sources */,
				D14D05E627D42AAE006A9D2D /* quotesApp.swift in Sources */,
				D14D05FF27D43C71006A9D2D /* DataService.swift in Sources */,
			);
			runOnlyForDeploymentPostprocessing = 0;
		};
/* End PBXSourcesBuildPhase section */

/* Begin XCBuildConfiguration section */
		D14D05EE27D42AB1006A9D2D /* Debug */ = {
			isa = XCBuildConfiguration;
			buildSettings = {
				ALWAYS_SEARCH_USER_PATHS = NO;
				CLANG_ANALYZER_NONNULL = YES;
				CLANG_ANALYZER_NUMBER_OBJECT_CONVERSION = YES_AGGRESSIVE;
				CLANG_CXX_LANGUAGE_STANDARD = "gnu++17";
				CLANG_CXX_LIBRARY = "libc++";
				CLANG_ENABLE_MODULES = YES;
				CLANG_ENABLE_OBJC_ARC = YES;
				CLANG_ENABLE_OBJC_WEAK = YES;
				CLANG_WARN_BLOCK_CAPTURE_AUTORELEASING = YES;
				CLANG_WARN_BOOL_CONVERSION = YES;
				CLANG_WARN_COMMA = YES;
				CLANG_WARN_CONSTANT_CONVERSION = YES;
				CLANG_WARN_DEPRECATED_OBJC_IMPLEMENTATIONS = YES;
				CLANG_WARN_DIRECT_OBJC_ISA_USAGE = YES_ERROR;
				CLANG_WARN_DOCUMENTATION_COMMENTS = YES;
				CLANG_WARN_EMPTY_BODY = YES;
				CLANG_WARN_ENUM_CONVERSION = YES;
				CLANG_WARN_INFINITE_RECURSION = YES;
				CLANG_WARN_INT_CONVERSION = YES;
				CLANG_WARN_NON_LITERAL_NULL_CONVERSION = YES;
				CLANG_WARN_OBJC_IMPLICIT_RETAIN_SELF = YES;
				CLANG_WARN_OBJC_LITERAL_CONVERSION = YES;
				CLANG_WARN_OBJC_ROOT_CLASS = YES_ERROR;
				CLANG_WARN_QUOTED_INCLUDE_IN_FRAMEWORK_HEADER = YES;
				CLANG_WARN_RANGE_LOOP_ANALYSIS = YES;
				CLANG_WARN_STRICT_PROTOTYPES = YES;
				CLANG_WARN_SUSPICIOUS_MOVE = YES;
				CLANG_WARN_UNGUARDED_AVAILABILITY = YES_AGGRESSIVE;
				CLANG_WARN_UNREACHABLE_CODE = YES;
				CLANG_WARN__DUPLICATE_METHOD_MATCH = YES;
				COPY_PHASE_STRIP = NO;
				DEBUG_INFORMATION_FORMAT = dwarf;
				ENABLE_STRICT_OBJC_MSGSEND = YES;
				ENABLE_TESTABILITY = YES;
				GCC_C_LANGUAGE_STANDARD = gnu11;
				GCC_DYNAMIC_NO_PIC = NO;
				GCC_NO_COMMON_BLOCKS = YES;
				GCC_OPTIMIZATION_LEVEL = 0;
				GCC_PREPROCESSOR_DEFINITIONS = (
					"DEBUG=1",
					"$(inherited)",
				);
				GCC_WARN_64_TO_32_BIT_CONVERSION = YES;
				GCC_WARN_ABOUT_RETURN_TYPE = YES_ERROR;
				GCC_WARN_UNDECLARED_SELECTOR = YES;
				GCC_WARN_UNINITIALIZED_AUTOS = YES_AGGRESSIVE;
				GCC_WARN_UNUSED_FUNCTION = YES;
				GCC_WARN_UNUSED_VARIABLE = YES;
				IPHONEOS_DEPLOYMENT_TARGET = 15.2;
				MTL_ENABLE_DEBUG_INFO = INCLUDE_SOURCE;
				MTL_FAST_MATH = YES;
				ONLY_ACTIVE_ARCH = YES;
				SDKROOT = iphoneos;
				SWIFT_ACTIVE_COMPILATION_CONDITIONS = DEBUG;
				SWIFT_OPTIMIZATION_LEVEL = "-Onone";
			};
			name = Debug;
		};
		D14D05EF27D42AB1006A9D2D /* Release */ = {
			isa = XCBuildConfiguration;
			buildSettings = {
				ALWAYS_SEARCH_USER_PATHS = NO;
				CLANG_ANALYZER_NONNULL = YES;
				CLANG_ANALYZER_NUMBER_OBJECT_CONVERSION = YES_AGGRESSIVE;
				CLANG_CXX_LANGUAGE_STANDARD = "gnu++17";
				CLANG_CXX_LIBRARY = "libc++";
				CLANG_ENABLE_MODULES = YES;
				CLANG_ENABLE_OBJC_ARC = YES;
				CLANG_ENABLE_OBJC_WEAK = YES;
				CLANG_WARN_BLOCK_CAPTURE_AUTORELEASING = YES;
				CLANG_WARN_BOOL_CONVERSION = YES;
				CLANG_WARN_COMMA = YES;
				CLANG_WARN_CONSTANT_CONVERSION = YES;
				CLANG_WARN_DEPRECATED_OBJC_IMPLEMENTATIONS = YES;
				CLANG_WARN_DIRECT_OBJC_ISA_USAGE = YES_ERROR;
				CLANG_WARN_DOCUMENTATION_COMMENTS = YES;
				CLANG_WARN_EMPTY_BODY = YES;
				CLANG_WARN_ENUM_CONVERSION = YES;
				CLANG_WARN_INFINITE_RECURSION = YES;
				CLANG_WARN_INT_CONVERSION = YES;
				CLANG_WARN_NON_LITERAL_NULL_CONVERSION = YES;
				CLANG_WARN_OBJC_IMPLICIT_RETAIN_SELF = YES;
				CLANG_WARN_OBJC_LITERAL_CONVERSION = YES;
				CLANG_WARN_OBJC_ROOT_CLASS = YES_ERROR;
				CLANG_WARN_QUOTED_INCLUDE_IN_FRAMEWORK_HEADER = YES;
				CLANG_WARN_RANGE_LOOP_ANALYSIS = YES;
				CLANG_WARN_STRICT_PROTOTYPES = YES;
				CLANG_WARN_SUSPICIOUS_MOVE = YES;
				CLANG_WARN_UNGUARDED_AVAILABILITY = YES_AGGRESSIVE;
				CLANG_WARN_UNREACHABLE_CODE = YES;
				CLANG_WARN__DUPLICATE_METHOD_MATCH = YES;
				COPY_PHASE_STRIP = NO;
				DEBUG_INFORMATION_FORMAT = "dwarf-with-dsym";
				ENABLE_NS_ASSERTIONS = NO;
				ENABLE_STRICT_OBJC_MSGSEND = YES;
				GCC_C_LANGUAGE_STANDARD = gnu11;
				GCC_NO_COMMON_BLOCKS = YES;
				GCC_WARN_64_TO_32_BIT_CONVERSION = YES;
				GCC_WARN_ABOUT_RETURN_TYPE = YES_ERROR;
				GCC_WARN_UNDECLARED_SELECTOR = YES;
				GCC_WARN_UNINITIALIZED_AUTOS = YES_AGGRESSIVE;
				GCC_WARN_UNUSED_FUNCTION = YES;
				GCC_WARN_UNUSED_VARIABLE = YES;
				IPHONEOS_DEPLOYMENT_TARGET = 15.2;
				MTL_ENABLE_DEBUG_INFO = NO;
				MTL_FAST_MATH = YES;
				SDKROOT = iphoneos;
				SWIFT_COMPILATION_MODE = wholemodule;
				SWIFT_OPTIMIZATION_LEVEL = "-O";
				VALIDATE_PRODUCT = YES;
			};
			name = Release;
		};
		D14D05F127D42AB1006A9D2D /* Debug */ = {
			isa = XCBuildConfiguration;
			buildSettings = {
				ASSETCATALOG_COMPILER_APPICON_NAME = AppIcon;
				ASSETCATALOG_COMPILER_GLOBAL_ACCENT_COLOR_NAME = AccentColor;
				CODE_SIGN_STYLE = Automatic;
				CURRENT_PROJECT_VERSION = 1;
				DEVELOPMENT_ASSET_PATHS = "\"quotes/Preview Content\"";
				ENABLE_PREVIEWS = YES;
				GENERATE_INFOPLIST_FILE = YES;
				INFOPLIST_KEY_UIApplicationSceneManifest_Generation = YES;
				INFOPLIST_KEY_UIApplicationSupportsIndirectInputEvents = YES;
				INFOPLIST_KEY_UILaunchScreen_Generation = YES;
				INFOPLIST_KEY_UISupportedInterfaceOrientations_iPad = "UIInterfaceOrientationPortrait UIInterfaceOrientationPortraitUpsideDown UIInterfaceOrientationLandscapeLeft UIInterfaceOrientationLandscapeRight";
				INFOPLIST_KEY_UISupportedInterfaceOrientations_iPhone = "UIInterfaceOrientationPortrait UIInterfaceOrientationLandscapeLeft UIInterfaceOrientationLandscapeRight";
				LD_RUNPATH_SEARCH_PATHS = (
					"$(inherited)",
					"@executable_path/Frameworks",
				);
				MARKETING_VERSION = 1.0;
				PRODUCT_BUNDLE_IDENTIFIER = com.stillsine.com.quotes;
				PRODUCT_NAME = "$(TARGET_NAME)";
				SWIFT_EMIT_LOC_STRINGS = YES;
				SWIFT_VERSION = 5.0;
				TARGETED_DEVICE_FAMILY = "1,2";
			};
			name = Debug;
		};
		D14D05F227D42AB1006A9D2D /* Release */ = {
			isa = XCBuildConfiguration;
			buildSettings = {
				ASSETCATALOG_COMPILER_APPICON_NAME = AppIcon;
				ASSETCATALOG_COMPILER_GLOBAL_ACCENT_COLOR_NAME = AccentColor;
				CODE_SIGN_STYLE = Automatic;
				CURRENT_PROJECT_VERSION = 1;
				DEVELOPMENT_ASSET_PATHS = "\"quotes/Preview Content\"";
				ENABLE_PREVIEWS = YES;
				GENERATE_INFOPLIST_FILE = YES;
				INFOPLIST_KEY_UIApplicationSceneManifest_Generation = YES;
				INFOPLIST_KEY_UIApplicationSupportsIndirectInputEvents = YES;
				INFOPLIST_KEY_UILaunchScreen_Generation = YES;
				INFOPLIST_KEY_UISupportedInterfaceOrientations_iPad = "UIInterfaceOrientationPortrait UIInterfaceOrientationPortraitUpsideDown UIInterfaceOrientationLandscapeLeft UIInterfaceOrientationLandscapeRight";
				INFOPLIST_KEY_UISupportedInterfaceOrientations_iPhone = "UIInterfaceOrientationPortrait UIInterfaceOrientationLandscapeLeft UIInterfaceOrientationLandscapeRight";
				LD_RUNPATH_SEARCH_PATHS = (
					"$(inherited)",
					"@executable_path/Frameworks",
				);
				MARKETING_VERSION = 1.0;
				PRODUCT_BUNDLE_IDENTIFIER = com.stillsine.com.quotes;
				PRODUCT_NAME = "$(TARGET_NAME)";
				SWIFT_EMIT_LOC_STRINGS = YES;
				SWIFT_VERSION = 5.0;
				TARGETED_DEVICE_FAMILY = "1,2";
			};
			name = Release;
		};
/* End XCBuildConfiguration section */

/* Begin XCConfigurationList section */
		D14D05DD27D42AAE006A9D2D /* Build configuration list for PBXProject "quotes" */ = {
			isa = XCConfigurationList;
			buildConfigurations = (
				D14D05EE27D42AB1006A9D2D /* Debug */,
				D14D05EF27D42AB1006A9D2D /* Release */,
			);
			defaultConfigurationIsVisible = 0;
			defaultConfigurationName = Release;
		};
		D14D05F027D42AB1006A9D2D /* Build configuration list for PBXNativeTarget "quotes" */ = {
			isa = XCConfigurationList;
			buildConfigurations = (
				D14D05F127D42AB1006A9D2D /* Debug */,
				D14D05F227D42AB1006A9D2D /* Release */,
			);
			defaultConfigurationIsVisible = 0;
			defaultConfigurationName = Release;
		};
/* End XCConfigurationList section */
	};
	rootObject = D14D05DA27D42AAE006A9D2D /* Project object */;
}
